
Microsoft Visual Studio Solution File, Format Version 12.00
Project("{F184B08F-C81C-45F6-A57F-5ABD9991F28F}") = "battleships2", "battleships2\battleships2.vbproj", "{6C245F69-A1D2-4E60-AFB9-F38620C2BD36}"
EndProject
Global
	GlobalSection(SolutionConfigurationPlatforms) = preSolution
		Debug|Any CPU = Debug|Any CPU
		Release|Any CPU = Release|Any CPU
	EndGlobalSection
	GlobalSection(ProjectConfigurationPlatforms) = postSolution
		{6C245F69-A1D2-4E60-AFB9-F38620C2BD36}.Debug|Any CPU.ActiveCfg = Debug|Any CPU
		{6C245F69-A1D2-4E60-AFB9-F38620C2BD36}.Debug|Any CPU.Build.0 = Debug|Any CPU
		{6C245F69-A1D2-4E60-AFB9-F38620C2BD36}.Release|Any CPU.ActiveCfg = Release|Any CPU
		{6C245F69-A1D2-4E60-AFB9-F38620C2BD36}.Release|Any CPU.Build.0 = Release|Any CPU
	EndGlobalSection
EndGlobal
