
Microsoft Visual Studio Solution File, Format Version 12.00
Project("{F184B08F-C81C-45F6-A57F-5ABD9991F28F}") = "strings", "strings\strings.vbproj", "{99EE2A3F-967C-4E76-A7CE-24C95E0E2EEA}"
EndProject
Global
	GlobalSection(SolutionConfigurationPlatforms) = preSolution
		Debug|Any CPU = Debug|Any CPU
		Release|Any CPU = Release|Any CPU
	EndGlobalSection
	GlobalSection(ProjectConfigurationPlatforms) = postSolution
		{99EE2A3F-967C-4E76-A7CE-24C95E0E2EEA}.Debug|Any CPU.ActiveCfg = Debug|Any CPU
		{99EE2A3F-967C-4E76-A7CE-24C95E0E2EEA}.Debug|Any CPU.Build.0 = Debug|Any CPU
		{99EE2A3F-967C-4E76-A7CE-24C95E0E2EEA}.Release|Any CPU.ActiveCfg = Release|Any CPU
		{99EE2A3F-967C-4E76-A7CE-24C95E0E2EEA}.Release|Any CPU.Build.0 = Release|Any CPU
	EndGlobalSection
EndGlobal
